
Microsoft Visual Studio Solution File, Format Version 12.00
# Visual Studio 15
VisualStudioVersion = 15.0.28307.329
MinimumVisualStudioVersion = 10.0.40219.1
Project("{9A19103F-16F7-4668-BE54-9A1E7A4F7556}") = "SpaceTrucker.Models", "SpaceTrucker.Models\SpaceTrucker.Models.csproj", "{2841580E-C00C-4370-9A05-C68B8B9FD62E}"
EndProject
Project("{9A19103F-16F7-4668-BE54-9A1E7A4F7556}") = "SpaceTrucker.ViewModel", "SpaceTrucker.ViewModel\SpaceTrucker.ViewModel.csproj", "{5052D8A3-8B62-49A4-A54A-E7B83C99BBCE}"
EndProject
Project("{FAE04EC0-301F-11D3-BF4B-00C04F79EFBC}") = "SpaceTrucker.View", "SpaceTrucker.View\SpaceTrucker.View.csproj", "{ECACDCDB-8C63-40C9-8BED-D7A7C3038E7A}"
EndProject
Global
	GlobalSection(SolutionConfigurationPlatforms) = preSolution
		Debug|Any CPU = Debug|Any CPU
		Release|Any CPU = Release|Any CPU
	EndGlobalSection
	GlobalSection(ProjectConfigurationPlatforms) = postSolution
		{2841580E-C00C-4370-9A05-C68B8B9FD62E}.Debug|Any CPU.ActiveCfg = Debug|Any CPU
		{2841580E-C00C-4370-9A05-C68B8B9FD62E}.Debug|Any CPU.Build.0 = Debug|Any CPU
		{2841580E-C00C-4370-9A05-C68B8B9FD62E}.Release|Any CPU.ActiveCfg = Release|Any CPU
		{2841580E-C00C-4370-9A05-C68B8B9FD62E}.Release|Any CPU.Build.0 = Release|Any CPU
		{5052D8A3-8B62-49A4-A54A-E7B83C99BBCE}.Debug|Any CPU.ActiveCfg = Debug|Any CPU
		{5052D8A3-8B62-49A4-A54A-E7B83C99BBCE}.Debug|Any CPU.Build.0 = Debug|Any CPU
		{5052D8A3-8B62-49A4-A54A-E7B83C99BBCE}.Release|Any CPU.ActiveCfg = Release|Any CPU
		{5052D8A3-8B62-49A4-A54A-E7B83C99BBCE}.Release|Any CPU.Build.0 = Release|Any CPU
		{ECACDCDB-8C63-40C9-8BED-D7A7C3038E7A}.Debug|Any CPU.ActiveCfg = Debug|Any CPU
		{ECACDCDB-8C63-40C9-8BED-D7A7C3038E7A}.Debug|Any CPU.Build.0 = Debug|Any CPU
		{ECACDCDB-8C63-40C9-8BED-D7A7C3038E7A}.Release|Any CPU.ActiveCfg = Release|Any CPU
		{ECACDCDB-8C63-40C9-8BED-D7A7C3038E7A}.Release|Any CPU.Build.0 = Release|Any CPU
	EndGlobalSection
	GlobalSection(SolutionProperties) = preSolution
		HideSolutionNode = FALSE
	EndGlobalSection
	GlobalSection(ExtensibilityGlobals) = postSolution
		SolutionGuid = {E0AEA733-9A4B-45D8-A63F-EA5B87DB31BE}
	EndGlobalSection
EndGlobal
